
Microsoft Visual Studio Solution File, Format Version 12.00
# Visual Studio 15
VisualStudioVersion = 15.0.26403.0
MinimumVisualStudioVersion = 10.0.40219.1
Project("{FAE04EC0-301F-11D3-BF4B-00C04F79EFBC}") = "01. Reverse String", "01. Reverse String\01. Reverse String.csproj", "{FB47149A-D2E2-4EA1-A3BC-1B3D9610B40D}"
EndProject
Project("{FAE04EC0-301F-11D3-BF4B-00C04F79EFBC}") = "02. Count Substring Occurrences", "02. Count Substring Occurrences\02. Count Substring Occurrences.csproj", "{716C08C9-AEC9-49D2-B5BD-C65F81DECDF7}"
EndProject
Project("{FAE04EC0-301F-11D3-BF4B-00C04F79EFBC}") = "03. Text Filter", "03. Text Filter\03. Text Filter.csproj", "{0B6425E4-8823-4DA8-8F65-EC1D2B85C04E}"
EndProject
Project("{FAE04EC0-301F-11D3-BF4B-00C04F79EFBC}") = "04. Palindromes", "04. Palindromes\04. Palindromes.csproj", "{5CC70CE3-9FE9-44FA-9C07-B93816B28B8A}"
EndProject
Global
	GlobalSection(SolutionConfigurationPlatforms) = preSolution
		Debug|Any CPU = Debug|Any CPU
		Release|Any CPU = Release|Any CPU
	EndGlobalSection
	GlobalSection(ProjectConfigurationPlatforms) = postSolution
		{FB47149A-D2E2-4EA1-A3BC-1B3D9610B40D}.Debug|Any CPU.ActiveCfg = Debug|Any CPU
		{FB47149A-D2E2-4EA1-A3BC-1B3D9610B40D}.Debug|Any CPU.Build.0 = Debug|Any CPU
		{FB47149A-D2E2-4EA1-A3BC-1B3D9610B40D}.Release|Any CPU.ActiveCfg = Release|Any CPU
		{FB47149A-D2E2-4EA1-A3BC-1B3D9610B40D}.Release|Any CPU.Build.0 = Release|Any CPU
		{716C08C9-AEC9-49D2-B5BD-C65F81DECDF7}.Debug|Any CPU.ActiveCfg = Debug|Any CPU
		{716C08C9-AEC9-49D2-B5BD-C65F81DECDF7}.Debug|Any CPU.Build.0 = Debug|Any CPU
		{716C08C9-AEC9-49D2-B5BD-C65F81DECDF7}.Release|Any CPU.ActiveCfg = Release|Any CPU
		{716C08C9-AEC9-49D2-B5BD-C65F81DECDF7}.Release|Any CPU.Build.0 = Release|Any CPU
		{0B6425E4-8823-4DA8-8F65-EC1D2B85C04E}.Debug|Any CPU.ActiveCfg = Debug|Any CPU
		{0B6425E4-8823-4DA8-8F65-EC1D2B85C04E}.Debug|Any CPU.Build.0 = Debug|Any CPU
		{0B6425E4-8823-4DA8-8F65-EC1D2B85C04E}.Release|Any CPU.ActiveCfg = Release|Any CPU
		{0B6425E4-8823-4DA8-8F65-EC1D2B85C04E}.Release|Any CPU.Build.0 = Release|Any CPU
		{5CC70CE3-9FE9-44FA-9C07-B93816B28B8A}.Debug|Any CPU.ActiveCfg = Debug|Any CPU
		{5CC70CE3-9FE9-44FA-9C07-B93816B28B8A}.Debug|Any CPU.Build.0 = Debug|Any CPU
		{5CC70CE3-9FE9-44FA-9C07-B93816B28B8A}.Release|Any CPU.ActiveCfg = Release|Any CPU
		{5CC70CE3-9FE9-44FA-9C07-B93816B28B8A}.Release|Any CPU.Build.0 = Release|Any CPU
	EndGlobalSection
	GlobalSection(SolutionProperties) = preSolution
		HideSolutionNode = FALSE
	EndGlobalSection
EndGlobal
